
Microsoft Visual Studio Solution File, Format Version 12.00
# Visual Studio Version 17
VisualStudioVersion = 17.2.32602.215
MinimumVisualStudioVersion = 10.0.40219.1
Project("{FAE04EC0-301F-11D3-BF4B-00C04F79EFBC}") = "RelationshipTask", "RelationshipTask\RelationshipTask.csproj", "{851EB553-0A57-4EB5-BE75-8D16136266B6}"
EndProject
Global
	GlobalSection(SolutionConfigurationPlatforms) = preSolution
		Debug|Any CPU = Debug|Any CPU
		Release|Any CPU = Release|Any CPU
	EndGlobalSection
	GlobalSection(ProjectConfigurationPlatforms) = postSolution
		{851EB553-0A57-4EB5-BE75-8D16136266B6}.Debug|Any CPU.ActiveCfg = Debug|Any CPU
		{851EB553-0A57-4EB5-BE75-8D16136266B6}.Debug|Any CPU.Build.0 = Debug|Any CPU
		{851EB553-0A57-4EB5-BE75-8D16136266B6}.Release|Any CPU.ActiveCfg = Release|Any CPU
		{851EB553-0A57-4EB5-BE75-8D16136266B6}.Release|Any CPU.Build.0 = Release|Any CPU
	EndGlobalSection
	GlobalSection(SolutionProperties) = preSolution
		HideSolutionNode = FALSE
	EndGlobalSection
	GlobalSection(ExtensibilityGlobals) = postSolution
		SolutionGuid = {2D6B0816-6BF4-42FE-A7D6-44A19A047396}
	EndGlobalSection
EndGlobal
